{
  "name": "app",
  "lockfileVersion": 2,
  "requires": true,
  "packages": {
    "": {
      "dependencies": {
        "highlight.js": "^11.8.0",
        "marked": "^5.1.0",
        "marked-highlight": "^2.0.1",
        "three": "^0.153.0"
      }
    },
    "node_modules/highlight.js": {
      "version": "11.8.0",
      "resolved": "https://registry.npmjs.org/highlight.js/-/highlight.js-11.8.0.tgz",
      "integrity": "sha512-MedQhoqVdr0U6SSnWPzfiadUcDHfN/Wzq25AkXiQv9oiOO/sG0S7XkvpFIqWBl9Yq1UYyYOOVORs5UW2XlPyzg==",
      "engines": {
        "node": ">=12.0.0"
      }
    },
    "node_modules/marked": {
      "version": "5.1.0",
      "resolved": "https://registry.npmjs.org/marked/-/marked-5.1.0.tgz",
      "integrity": "sha512-z3/nBe7aTI8JDszlYLk7dDVNpngjw0o1ZJtrA9kIfkkHcIF+xH7mO23aISl4WxP83elU+MFROgahqdpd05lMEQ==",
      "bin": {
        "marked": "bin/marked.js"
      },
      "engines": {
        "node": ">= 18"
      }
    },
    "node_modules/marked-highlight": {
      "version": "2.0.1",
      "resolved": "https://registry.npmjs.org/marked-highlight/-/marked-highlight-2.0.1.tgz",
      "integrity": "sha512-LDUfR/zDvD+dJ+lQOWHkxvBLNxiXcaN8pBtwJ/i4pI0bkDC/Ef6Mz1qUrAuHXfnpdr2rabdMpVFhqFuU+5Mskg==",
      "peerDependencies": {
        "marked": "^4 || ^5"
      }
    },
    "node_modules/three": {
      "version": "0.153.0",
      "resolved": "https://registry.npmjs.org/three/-/three-0.153.0.tgz",
      "integrity": "sha512-OCP2/uQR6GcDpSLnJt/3a4mdS0kNWcbfUXIwLoEMgLzEUIVIYsSDwskpmOii/AkDM+BBwrl6+CKgrjX9+E2aWg=="
    }
  },
  "dependencies": {
    "highlight.js": {
      "version": "11.8.0",
      "resolved": "https://registry.npmjs.org/highlight.js/-/highlight.js-11.8.0.tgz",
      "integrity": "sha512-MedQhoqVdr0U6SSnWPzfiadUcDHfN/Wzq25AkXiQv9oiOO/sG0S7XkvpFIqWBl9Yq1UYyYOOVORs5UW2XlPyzg=="
    },
    "marked": {
      "version": "5.1.0",
      "resolved": "https://registry.npmjs.org/marked/-/marked-5.1.0.tgz",
      "integrity": "sha512-z3/nBe7aTI8JDszlYLk7dDVNpngjw0o1ZJtrA9kIfkkHcIF+xH7mO23aISl4WxP83elU+MFROgahqdpd05lMEQ=="
    },
    "marked-highlight": {
      "version": "2.0.1",
      "resolved": "https://registry.npmjs.org/marked-highlight/-/marked-highlight-2.0.1.tgz",
      "integrity": "sha512-LDUfR/zDvD+dJ+lQOWHkxvBLNxiXcaN8pBtwJ/i4pI0bkDC/Ef6Mz1qUrAuHXfnpdr2rabdMpVFhqFuU+5Mskg==",
      "requires": {}
    },
    "three": {
      "version": "0.153.0",
      "resolved": "https://registry.npmjs.org/three/-/three-0.153.0.tgz",
      "integrity": "sha512-OCP2/uQR6GcDpSLnJt/3a4mdS0kNWcbfUXIwLoEMgLzEUIVIYsSDwskpmOii/AkDM+BBwrl6+CKgrjX9+E2aWg=="
    }
  }
}
